// !$*UTF8*$!
{
	archiveVersion = 1;
	classes = {
	};
	objectVersion = 56;
	objects = {

/* Begin PBXBuildFile section */
		09660A852ACB9F860035DF25 /* EssentialFeed.framework in Frameworks */ = {isa = PBXBuildFile; fileRef = 09660A7C2ACB9F850035DF25 /* EssentialFeed.framework */; };
		09660A8A2ACB9F860035DF25 /* RemoteFeedLoaderTests.swift in Sources */ = {isa = PBXBuildFile; fileRef = 09660A892ACB9F860035DF25 /* RemoteFeedLoaderTests.swift */; };
		09660A952ACB9FDE0035DF25 /* FeedItem.swift in Sources */ = {isa = PBXBuildFile; fileRef = 09660A942ACB9FDE0035DF25 /* FeedItem.swift */; };
		09660A972ACBA0E50035DF25 /* FeedLoader.swift in Sources */ = {isa = PBXBuildFile; fileRef = 09660A962ACBA0E50035DF25 /* FeedLoader.swift */; };
		09AFAC0C2ACC5D67009F2673 /* RemoteFeedLoader.swift in Sources */ = {isa = PBXBuildFile; fileRef = 09AFAC0B2ACC5D67009F2673 /* RemoteFeedLoader.swift */; };
		09AFAC0E2ACE2760009F2673 /* HTTPClient.swift in Sources */ = {isa = PBXBuildFile; fileRef = 09AFAC0D2ACE2760009F2673 /* HTTPClient.swift */; };
		09AFAC102ACE27AA009F2673 /* FeedItemMapper.swift in Sources */ = {isa = PBXBuildFile; fileRef = 09AFAC0F2ACE27AA009F2673 /* FeedItemMapper.swift */; };
		09AFAC132ACE55DD009F2673 /* URLSessionHTTPClientTests.swift in Sources */ = {isa = PBXBuildFile; fileRef = 09AFAC122ACE55DD009F2673 /* URLSessionHTTPClientTests.swift */; };
		09C64FCA2ACF3F930057E9A3 /* XCTestCase+MemoryLeakTracking.swift in Sources */ = {isa = PBXBuildFile; fileRef = 09C64FC92ACF3F930057E9A3 /* XCTestCase+MemoryLeakTracking.swift */; };
		09C64FCC2AD086E80057E9A3 /* URLSession+HTTPClient.swift in Sources */ = {isa = PBXBuildFile; fileRef = 09C64FCB2AD086E80057E9A3 /* URLSession+HTTPClient.swift */; };
		09C64FD42AD0A6D70057E9A3 /* EssentialFeedAPIEndToEndTests.swift in Sources */ = {isa = PBXBuildFile; fileRef = 09C64FD32AD0A6D70057E9A3 /* EssentialFeedAPIEndToEndTests.swift */; };
		09C64FD52AD0A6D70057E9A3 /* EssentialFeed.framework in Frameworks */ = {isa = PBXBuildFile; fileRef = 09660A7C2ACB9F850035DF25 /* EssentialFeed.framework */; };
		09C64FDB2AD0E2210057E9A3 /* XCTestCase+MemoryLeakTracking.swift in Sources */ = {isa = PBXBuildFile; fileRef = 09C64FC92ACF3F930057E9A3 /* XCTestCase+MemoryLeakTracking.swift */; };
/* End PBXBuildFile section */

/* Begin PBXContainerItemProxy section */
		09660A862ACB9F860035DF25 /* PBXContainerItemProxy */ = {
			isa = PBXContainerItemProxy;
			containerPortal = 09660A732ACB9F850035DF25 /* Project object */;
			proxyType = 1;
			remoteGlobalIDString = 09660A7B2ACB9F850035DF25;
			remoteInfo = EssentialFeed;
		};
		09C64FD62AD0A6D70057E9A3 /* PBXContainerItemProxy */ = {
			isa = PBXContainerItemProxy;
			containerPortal = 09660A732ACB9F850035DF25 /* Project object */;
			proxyType = 1;
			remoteGlobalIDString = 09660A7B2ACB9F850035DF25;
			remoteInfo = EssentialFeed;
		};
/* End PBXContainerItemProxy section */

/* Begin PBXFileReference section */
		09660A7C2ACB9F850035DF25 /* EssentialFeed.framework */ = {isa = PBXFileReference; explicitFileType = wrapper.framework; includeInIndex = 0; path = EssentialFeed.framework; sourceTree = BUILT_PRODUCTS_DIR; };
		09660A842ACB9F860035DF25 /* EssentialFeedTests.xctest */ = {isa = PBXFileReference; explicitFileType = wrapper.cfbundle; includeInIndex = 0; path = EssentialFeedTests.xctest; sourceTree = BUILT_PRODUCTS_DIR; };
		09660A892ACB9F860035DF25 /* RemoteFeedLoaderTests.swift */ = {isa = PBXFileReference; lastKnownFileType = sourcecode.swift; path = RemoteFeedLoaderTests.swift; sourceTree = "<group>"; };
		09660A942ACB9FDE0035DF25 /* FeedItem.swift */ = {isa = PBXFileReference; lastKnownFileType = sourcecode.swift; path = FeedItem.swift; sourceTree = "<group>"; };
		09660A962ACBA0E50035DF25 /* FeedLoader.swift */ = {isa = PBXFileReference; lastKnownFileType = sourcecode.swift; path = FeedLoader.swift; sourceTree = "<group>"; };
		09AFAC0B2ACC5D67009F2673 /* RemoteFeedLoader.swift */ = {isa = PBXFileReference; lastKnownFileType = sourcecode.swift; path = RemoteFeedLoader.swift; sourceTree = "<group>"; };
		09AFAC0D2ACE2760009F2673 /* HTTPClient.swift */ = {isa = PBXFileReference; lastKnownFileType = sourcecode.swift; path = HTTPClient.swift; sourceTree = "<group>"; };
		09AFAC0F2ACE27AA009F2673 /* FeedItemMapper.swift */ = {isa = PBXFileReference; lastKnownFileType = sourcecode.swift; path = FeedItemMapper.swift; sourceTree = "<group>"; };
		09AFAC122ACE55DD009F2673 /* URLSessionHTTPClientTests.swift */ = {isa = PBXFileReference; lastKnownFileType = sourcecode.swift; path = URLSessionHTTPClientTests.swift; sourceTree = "<group>"; };
		09C64FC92ACF3F930057E9A3 /* XCTestCase+MemoryLeakTracking.swift */ = {isa = PBXFileReference; lastKnownFileType = sourcecode.swift; path = "XCTestCase+MemoryLeakTracking.swift"; sourceTree = "<group>"; };
		09C64FCB2AD086E80057E9A3 /* URLSession+HTTPClient.swift */ = {isa = PBXFileReference; lastKnownFileType = sourcecode.swift; path = "URLSession+HTTPClient.swift"; sourceTree = "<group>"; };
		09C64FD12AD0A6D70057E9A3 /* EssentialFeedAPIEndToEndTests.xctest */ = {isa = PBXFileReference; explicitFileType = wrapper.cfbundle; includeInIndex = 0; path = EssentialFeedAPIEndToEndTests.xctest; sourceTree = BUILT_PRODUCTS_DIR; };
		09C64FD32AD0A6D70057E9A3 /* EssentialFeedAPIEndToEndTests.swift */ = {isa = PBXFileReference; lastKnownFileType = sourcecode.swift; path = EssentialFeedAPIEndToEndTests.swift; sourceTree = "<group>"; };
		09FC5C162AD0E37A0045A051 /* CI.xctestplan */ = {isa = PBXFileReference; lastKnownFileType = text; path = CI.xctestplan; sourceTree = "<group>"; };
/* End PBXFileReference section */

/* Begin PBXFrameworksBuildPhase section */
		09660A792ACB9F850035DF25 /* Frameworks */ = {
			isa = PBXFrameworksBuildPhase;
			buildActionMask = 2147483647;
			files = (
			);
			runOnlyForDeploymentPostprocessing = 0;
		};
		09660A812ACB9F860035DF25 /* Frameworks */ = {
			isa = PBXFrameworksBuildPhase;
			buildActionMask = 2147483647;
			files = (
				09660A852ACB9F860035DF25 /* EssentialFeed.framework in Frameworks */,
			);
			runOnlyForDeploymentPostprocessing = 0;
		};
		09C64FCE2AD0A6D70057E9A3 /* Frameworks */ = {
			isa = PBXFrameworksBuildPhase;
			buildActionMask = 2147483647;
			files = (
				09C64FD52AD0A6D70057E9A3 /* EssentialFeed.framework in Frameworks */,
			);
			runOnlyForDeploymentPostprocessing = 0;
		};
/* End PBXFrameworksBuildPhase section */

/* Begin PBXGroup section */
		090466652ACBA3AE00EBC85C /* Feed Feature */ = {
			isa = PBXGroup;
			children = (
				09660A942ACB9FDE0035DF25 /* FeedItem.swift */,
				09660A962ACBA0E50035DF25 /* FeedLoader.swift */,
			);
			path = "Feed Feature";
			sourceTree = "<group>";
		};
		09660A722ACB9F850035DF25 = {
			isa = PBXGroup;
			children = (
				09FC5C162AD0E37A0045A051 /* CI.xctestplan */,
				09660A7E2ACB9F850035DF25 /* EssentialFeed */,
				09660A882ACB9F860035DF25 /* EssentialFeedTests */,
				09C64FD22AD0A6D70057E9A3 /* EssentialFeedAPIEndToEndTests */,
				09660A7D2ACB9F850035DF25 /* Products */,
			);
			sourceTree = "<group>";
		};
		09660A7D2ACB9F850035DF25 /* Products */ = {
			isa = PBXGroup;
			children = (
				09660A7C2ACB9F850035DF25 /* EssentialFeed.framework */,
				09660A842ACB9F860035DF25 /* EssentialFeedTests.xctest */,
				09C64FD12AD0A6D70057E9A3 /* EssentialFeedAPIEndToEndTests.xctest */,
			);
			name = Products;
			sourceTree = "<group>";
		};
		09660A7E2ACB9F850035DF25 /* EssentialFeed */ = {
			isa = PBXGroup;
			children = (
				090466652ACBA3AE00EBC85C /* Feed Feature */,
				09AFAC0A2ACC5D53009F2673 /* Feed API */,
			);
			path = EssentialFeed;
			sourceTree = "<group>";
		};
		09660A882ACB9F860035DF25 /* EssentialFeedTests */ = {
			isa = PBXGroup;
			children = (
				09C64FC82ACF3F780057E9A3 /* Helpers */,
				09AFAC112ACE2D4D009F2673 /* Feed API */,
			);
			path = EssentialFeedTests;
			sourceTree = "<group>";
		};
		09AFAC0A2ACC5D53009F2673 /* Feed API */ = {
			isa = PBXGroup;
			children = (
				09AFAC0B2ACC5D67009F2673 /* RemoteFeedLoader.swift */,
				09AFAC0D2ACE2760009F2673 /* HTTPClient.swift */,
				09AFAC0F2ACE27AA009F2673 /* FeedItemMapper.swift */,
				09C64FCB2AD086E80057E9A3 /* URLSession+HTTPClient.swift */,
			);
			path = "Feed API";
			sourceTree = "<group>";
		};
		09AFAC112ACE2D4D009F2673 /* Feed API */ = {
			isa = PBXGroup;
			children = (
				09660A892ACB9F860035DF25 /* RemoteFeedLoaderTests.swift */,
				09AFAC122ACE55DD009F2673 /* URLSessionHTTPClientTests.swift */,
			);
			path = "Feed API";
			sourceTree = "<group>";
		};
		09C64FC82ACF3F780057E9A3 /* Helpers */ = {
			isa = PBXGroup;
			children = (
				09C64FC92ACF3F930057E9A3 /* XCTestCase+MemoryLeakTracking.swift */,
			);
			path = Helpers;
			sourceTree = "<group>";
		};
		09C64FD22AD0A6D70057E9A3 /* EssentialFeedAPIEndToEndTests */ = {
			isa = PBXGroup;
			children = (
				09C64FD32AD0A6D70057E9A3 /* EssentialFeedAPIEndToEndTests.swift */,
			);
			path = EssentialFeedAPIEndToEndTests;
			sourceTree = "<group>";
		};
/* End PBXGroup section */

/* Begin PBXHeadersBuildPhase section */
		09660A772ACB9F850035DF25 /* Headers */ = {
			isa = PBXHeadersBuildPhase;
			buildActionMask = 2147483647;
			files = (
			);
			runOnlyForDeploymentPostprocessing = 0;
		};
/* End PBXHeadersBuildPhase section */

/* Begin PBXNativeTarget section */
		09660A7B2ACB9F850035DF25 /* EssentialFeed */ = {
			isa = PBXNativeTarget;
			buildConfigurationList = 09660A8E2ACB9F860035DF25 /* Build configuration list for PBXNativeTarget "EssentialFeed" */;
			buildPhases = (
				09660A772ACB9F850035DF25 /* Headers */,
				09660A782ACB9F850035DF25 /* Sources */,
				09660A792ACB9F850035DF25 /* Frameworks */,
				09660A7A2ACB9F850035DF25 /* Resources */,
			);
			buildRules = (
			);
			dependencies = (
			);
			name = EssentialFeed;
			productName = EssentialFeed;
			productReference = 09660A7C2ACB9F850035DF25 /* EssentialFeed.framework */;
			productType = "com.apple.product-type.framework";
		};
		09660A832ACB9F860035DF25 /* EssentialFeedTests */ = {
			isa = PBXNativeTarget;
			buildConfigurationList = 09660A912ACB9F860035DF25 /* Build configuration list for PBXNativeTarget "EssentialFeedTests" */;
			buildPhases = (
				09660A802ACB9F860035DF25 /* Sources */,
				09660A812ACB9F860035DF25 /* Frameworks */,
				09660A822ACB9F860035DF25 /* Resources */,
			);
			buildRules = (
			);
			dependencies = (
				09660A872ACB9F860035DF25 /* PBXTargetDependency */,
			);
			name = EssentialFeedTests;
			productName = EssentialFeedTests;
			productReference = 09660A842ACB9F860035DF25 /* EssentialFeedTests.xctest */;
			productType = "com.apple.product-type.bundle.unit-test";
		};
		09C64FD02AD0A6D70057E9A3 /* EssentialFeedAPIEndToEndTests */ = {
			isa = PBXNativeTarget;
			buildConfigurationList = 09C64FD82AD0A6D70057E9A3 /* Build configuration list for PBXNativeTarget "EssentialFeedAPIEndToEndTests" */;
			buildPhases = (
				09C64FCD2AD0A6D70057E9A3 /* Sources */,
				09C64FCE2AD0A6D70057E9A3 /* Frameworks */,
				09C64FCF2AD0A6D70057E9A3 /* Resources */,
			);
			buildRules = (
			);
			dependencies = (
				09C64FD72AD0A6D70057E9A3 /* PBXTargetDependency */,
			);
			name = EssentialFeedAPIEndToEndTests;
			productName = EssentialFeedAPIEndToEndTests;
			productReference = 09C64FD12AD0A6D70057E9A3 /* EssentialFeedAPIEndToEndTests.xctest */;
			productType = "com.apple.product-type.bundle.unit-test";
		};
/* End PBXNativeTarget section */

/* Begin PBXProject section */
		09660A732ACB9F850035DF25 /* Project object */ = {
			isa = PBXProject;
			attributes = {
				BuildIndependentTargetsInParallel = 1;
				LastSwiftUpdateCheck = 1500;
				LastUpgradeCheck = 1500;
				TargetAttributes = {
					09660A7B2ACB9F850035DF25 = {
						CreatedOnToolsVersion = 15.0;
						LastSwiftMigration = 1500;
					};
					09660A832ACB9F860035DF25 = {
						CreatedOnToolsVersion = 15.0;
					};
					09C64FD02AD0A6D70057E9A3 = {
						CreatedOnToolsVersion = 15.0;
					};
				};
			};
			buildConfigurationList = 09660A762ACB9F850035DF25 /* Build configuration list for PBXProject "EssentialFeed" */;
			compatibilityVersion = "Xcode 14.0";
			developmentRegion = en;
			hasScannedForEncodings = 0;
			knownRegions = (
				en,
				Base,
			);
			mainGroup = 09660A722ACB9F850035DF25;
			productRefGroup = 09660A7D2ACB9F850035DF25 /* Products */;
			projectDirPath = "";
			projectRoot = "";
			targets = (
				09660A7B2ACB9F850035DF25 /* EssentialFeed */,
				09660A832ACB9F860035DF25 /* EssentialFeedTests */,
				09C64FD02AD0A6D70057E9A3 /* EssentialFeedAPIEndToEndTests */,
			);
		};
/* End PBXProject section */

/* Begin PBXResourcesBuildPhase section */
		09660A7A2ACB9F850035DF25 /* Resources */ = {
			isa = PBXResourcesBuildPhase;
			buildActionMask = 2147483647;
			files = (
			);
			runOnlyForDeploymentPostprocessing = 0;
		};
		09660A822ACB9F860035DF25 /* Resources */ = {
			isa = PBXResourcesBuildPhase;
			buildActionMask = 2147483647;
			files = (
			);
			runOnlyForDeploymentPostprocessing = 0;
		};
		09C64FCF2AD0A6D70057E9A3 /* Resources */ = {
			isa = PBXResourcesBuildPhase;
			buildActionMask = 2147483647;
			files = (
			);
			runOnlyForDeploymentPostprocessing = 0;
		};
/* End PBXResourcesBuildPhase section */

/* Begin PBXSourcesBuildPhase section */
		09660A782ACB9F850035DF25 /* Sources */ = {
			isa = PBXSourcesBuildPhase;
			buildActionMask = 2147483647;
			files = (
				09660A972ACBA0E50035DF25 /* FeedLoader.swift in Sources */,
				09AFAC102ACE27AA009F2673 /* FeedItemMapper.swift in Sources */,
				09AFAC0C2ACC5D67009F2673 /* RemoteFeedLoader.swift in Sources */,
				09C64FCC2AD086E80057E9A3 /* URLSession+HTTPClient.swift in Sources */,
				09AFAC0E2ACE2760009F2673 /* HTTPClient.swift in Sources */,
				09660A952ACB9FDE0035DF25 /* FeedItem.swift in Sources */,
			);
			runOnlyForDeploymentPostprocessing = 0;
		};
		09660A802ACB9F860035DF25 /* Sources */ = {
			isa = PBXSourcesBuildPhase;
			buildActionMask = 2147483647;
			files = (
				09660A8A2ACB9F860035DF25 /* RemoteFeedLoaderTests.swift in Sources */,
				09AFAC132ACE55DD009F2673 /* URLSessionHTTPClientTests.swift in Sources */,
				09C64FCA2ACF3F930057E9A3 /* XCTestCase+MemoryLeakTracking.swift in Sources */,
			);
			runOnlyForDeploymentPostprocessing = 0;
		};
		09C64FCD2AD0A6D70057E9A3 /* Sources */ = {
			isa = PBXSourcesBuildPhase;
			buildActionMask = 2147483647;
			files = (
				09C64FD42AD0A6D70057E9A3 /* EssentialFeedAPIEndToEndTests.swift in Sources */,
				09C64FDB2AD0E2210057E9A3 /* XCTestCase+MemoryLeakTracking.swift in Sources */,
			);
			runOnlyForDeploymentPostprocessing = 0;
		};
/* End PBXSourcesBuildPhase section */

/* Begin PBXTargetDependency section */
		09660A872ACB9F860035DF25 /* PBXTargetDependency */ = {
			isa = PBXTargetDependency;
			target = 09660A7B2ACB9F850035DF25 /* EssentialFeed */;
			targetProxy = 09660A862ACB9F860035DF25 /* PBXContainerItemProxy */;
		};
		09C64FD72AD0A6D70057E9A3 /* PBXTargetDependency */ = {
			isa = PBXTargetDependency;
			target = 09660A7B2ACB9F850035DF25 /* EssentialFeed */;
			targetProxy = 09C64FD62AD0A6D70057E9A3 /* PBXContainerItemProxy */;
		};
/* End PBXTargetDependency section */

/* Begin XCBuildConfiguration section */
		09660A8C2ACB9F860035DF25 /* Debug */ = {
			isa = XCBuildConfiguration;
			buildSettings = {
				ALWAYS_SEARCH_USER_PATHS = NO;
				ASSETCATALOG_COMPILER_GENERATE_SWIFT_ASSET_SYMBOL_EXTENSIONS = YES;
				CLANG_ANALYZER_NONNULL = YES;
				CLANG_ANALYZER_NUMBER_OBJECT_CONVERSION = YES_AGGRESSIVE;
				CLANG_CXX_LANGUAGE_STANDARD = "gnu++20";
				CLANG_ENABLE_MODULES = YES;
				CLANG_ENABLE_OBJC_ARC = YES;
				CLANG_ENABLE_OBJC_WEAK = YES;
				CLANG_WARN_BLOCK_CAPTURE_AUTORELEASING = YES;
				CLANG_WARN_BOOL_CONVERSION = YES;
				CLANG_WARN_COMMA = YES;
				CLANG_WARN_CONSTANT_CONVERSION = YES;
				CLANG_WARN_DEPRECATED_OBJC_IMPLEMENTATIONS = YES;
				CLANG_WARN_DIRECT_OBJC_ISA_USAGE = YES_ERROR;
				CLANG_WARN_DOCUMENTATION_COMMENTS = YES;
				CLANG_WARN_EMPTY_BODY = YES;
				CLANG_WARN_ENUM_CONVERSION = YES;
				CLANG_WARN_INFINITE_RECURSION = YES;
				CLANG_WARN_INT_CONVERSION = YES;
				CLANG_WARN_NON_LITERAL_NULL_CONVERSION = YES;
				CLANG_WARN_OBJC_IMPLICIT_RETAIN_SELF = YES;
				CLANG_WARN_OBJC_LITERAL_CONVERSION = YES;
				CLANG_WARN_OBJC_ROOT_CLASS = YES_ERROR;
				CLANG_WARN_QUOTED_INCLUDE_IN_FRAMEWORK_HEADER = YES;
				CLANG_WARN_RANGE_LOOP_ANALYSIS = YES;
				CLANG_WARN_STRICT_PROTOTYPES = YES;
				CLANG_WARN_SUSPICIOUS_MOVE = YES;
				CLANG_WARN_UNGUARDED_AVAILABILITY = YES_AGGRESSIVE;
				CLANG_WARN_UNREACHABLE_CODE = YES;
				CLANG_WARN__DUPLICATE_METHOD_MATCH = YES;
				COPY_PHASE_STRIP = NO;
				CURRENT_PROJECT_VERSION = 1;
				DEBUG_INFORMATION_FORMAT = dwarf;
				ENABLE_STRICT_OBJC_MSGSEND = YES;
				ENABLE_TESTABILITY = YES;
				ENABLE_USER_SCRIPT_SANDBOXING = YES;
				GCC_C_LANGUAGE_STANDARD = gnu17;
				GCC_DYNAMIC_NO_PIC = NO;
				GCC_NO_COMMON_BLOCKS = YES;
				GCC_OPTIMIZATION_LEVEL = 0;
				GCC_PREPROCESSOR_DEFINITIONS = (
					"DEBUG=1",
					"$(inherited)",
				);
				GCC_WARN_64_TO_32_BIT_CONVERSION = YES;
				GCC_WARN_ABOUT_RETURN_TYPE = YES_ERROR;
				GCC_WARN_UNDECLARED_SELECTOR = YES;
				GCC_WARN_UNINITIALIZED_AUTOS = YES_AGGRESSIVE;
				GCC_WARN_UNUSED_FUNCTION = YES;
				GCC_WARN_UNUSED_VARIABLE = YES;
				LOCALIZATION_PREFERS_STRING_CATALOGS = YES;
				MACOSX_DEPLOYMENT_TARGET = 13.6;
				MTL_ENABLE_DEBUG_INFO = INCLUDE_SOURCE;
				MTL_FAST_MATH = YES;
				ONLY_ACTIVE_ARCH = YES;
				SDKROOT = macosx;
				SWIFT_ACTIVE_COMPILATION_CONDITIONS = "DEBUG $(inherited)";
				SWIFT_OPTIMIZATION_LEVEL = "-Onone";
				VERSIONING_SYSTEM = "apple-generic";
				VERSION_INFO_PREFIX = "";
			};
			name = Debug;
		};
		09660A8D2ACB9F860035DF25 /* Release */ = {
			isa = XCBuildConfiguration;
			buildSettings = {
				ALWAYS_SEARCH_USER_PATHS = NO;
				ASSETCATALOG_COMPILER_GENERATE_SWIFT_ASSET_SYMBOL_EXTENSIONS = YES;
				CLANG_ANALYZER_NONNULL = YES;
				CLANG_ANALYZER_NUMBER_OBJECT_CONVERSION = YES_AGGRESSIVE;
				CLANG_CXX_LANGUAGE_STANDARD = "gnu++20";
				CLANG_ENABLE_MODULES = YES;
				CLANG_ENABLE_OBJC_ARC = YES;
				CLANG_ENABLE_OBJC_WEAK = YES;
				CLANG_WARN_BLOCK_CAPTURE_AUTORELEASING = YES;
				CLANG_WARN_BOOL_CONVERSION = YES;
				CLANG_WARN_COMMA = YES;
				CLANG_WARN_CONSTANT_CONVERSION = YES;
				CLANG_WARN_DEPRECATED_OBJC_IMPLEMENTATIONS = YES;
				CLANG_WARN_DIRECT_OBJC_ISA_USAGE = YES_ERROR;
				CLANG_WARN_DOCUMENTATION_COMMENTS = YES;
				CLANG_WARN_EMPTY_BODY = YES;
				CLANG_WARN_ENUM_CONVERSION = YES;
				CLANG_WARN_INFINITE_RECURSION = YES;
				CLANG_WARN_INT_CONVERSION = YES;
				CLANG_WARN_NON_LITERAL_NULL_CONVERSION = YES;
				CLANG_WARN_OBJC_IMPLICIT_RETAIN_SELF = YES;
				CLANG_WARN_OBJC_LITERAL_CONVERSION = YES;
				CLANG_WARN_OBJC_ROOT_CLASS = YES_ERROR;
				CLANG_WARN_QUOTED_INCLUDE_IN_FRAMEWORK_HEADER = YES;
				CLANG_WARN_RANGE_LOOP_ANALYSIS = YES;
				CLANG_WARN_STRICT_PROTOTYPES = YES;
				CLANG_WARN_SUSPICIOUS_MOVE = YES;
				CLANG_WARN_UNGUARDED_AVAILABILITY = YES_AGGRESSIVE;
				CLANG_WARN_UNREACHABLE_CODE = YES;
				CLANG_WARN__DUPLICATE_METHOD_MATCH = YES;
				COPY_PHASE_STRIP = NO;
				CURRENT_PROJECT_VERSION = 1;
				DEBUG_INFORMATION_FORMAT = "dwarf-with-dsym";
				ENABLE_NS_ASSERTIONS = NO;
				ENABLE_STRICT_OBJC_MSGSEND = YES;
				ENABLE_USER_SCRIPT_SANDBOXING = YES;
				GCC_C_LANGUAGE_STANDARD = gnu17;
				GCC_NO_COMMON_BLOCKS = YES;
				GCC_WARN_64_TO_32_BIT_CONVERSION = YES;
				GCC_WARN_ABOUT_RETURN_TYPE = YES_ERROR;
				GCC_WARN_UNDECLARED_SELECTOR = YES;
				GCC_WARN_UNINITIALIZED_AUTOS = YES_AGGRESSIVE;
				GCC_WARN_UNUSED_FUNCTION = YES;
				GCC_WARN_UNUSED_VARIABLE = YES;
				LOCALIZATION_PREFERS_STRING_CATALOGS = YES;
				MACOSX_DEPLOYMENT_TARGET = 13.6;
				MTL_ENABLE_DEBUG_INFO = NO;
				MTL_FAST_MATH = YES;
				SDKROOT = macosx;
				SWIFT_COMPILATION_MODE = wholemodule;
				VERSIONING_SYSTEM = "apple-generic";
				VERSION_INFO_PREFIX = "";
			};
			name = Release;
		};
		09660A8F2ACB9F860035DF25 /* Debug */ = {
			isa = XCBuildConfiguration;
			buildSettings = {
				CLANG_ENABLE_MODULES = YES;
				CODE_SIGN_STYLE = Automatic;
				COMBINE_HIDPI_IMAGES = YES;
				CURRENT_PROJECT_VERSION = 1;
				DEFINES_MODULE = YES;
				DEVELOPMENT_TEAM = W899SL68AB;
				DYLIB_COMPATIBILITY_VERSION = 1;
				DYLIB_CURRENT_VERSION = 1;
				DYLIB_INSTALL_NAME_BASE = "@rpath";
				ENABLE_MODULE_VERIFIER = YES;
				GENERATE_INFOPLIST_FILE = YES;
				INFOPLIST_KEY_NSHumanReadableCopyright = "";
				INSTALL_PATH = "$(LOCAL_LIBRARY_DIR)/Frameworks";
				LD_RUNPATH_SEARCH_PATHS = (
					"$(inherited)",
					"@executable_path/../Frameworks",
					"@loader_path/Frameworks",
				);
				MARKETING_VERSION = 1.0;
				MODULE_VERIFIER_SUPPORTED_LANGUAGES = "objective-c objective-c++";
				MODULE_VERIFIER_SUPPORTED_LANGUAGE_STANDARDS = "gnu17 gnu++20";
				PRODUCT_BUNDLE_IDENTIFIER = com.rodrigohiguera.EssentialFeed;
				PRODUCT_NAME = "$(TARGET_NAME:c99extidentifier)";
				SKIP_INSTALL = YES;
				SWIFT_EMIT_LOC_STRINGS = YES;
				SWIFT_OPTIMIZATION_LEVEL = "-Onone";
				SWIFT_VERSION = 5.0;
			};
			name = Debug;
		};
		09660A902ACB9F860035DF25 /* Release */ = {
			isa = XCBuildConfiguration;
			buildSettings = {
				CLANG_ENABLE_MODULES = YES;
				CODE_SIGN_STYLE = Automatic;
				COMBINE_HIDPI_IMAGES = YES;
				CURRENT_PROJECT_VERSION = 1;
				DEFINES_MODULE = YES;
				DEVELOPMENT_TEAM = W899SL68AB;
				DYLIB_COMPATIBILITY_VERSION = 1;
				DYLIB_CURRENT_VERSION = 1;
				DYLIB_INSTALL_NAME_BASE = "@rpath";
				ENABLE_MODULE_VERIFIER = YES;
				GENERATE_INFOPLIST_FILE = YES;
				INFOPLIST_KEY_NSHumanReadableCopyright = "";
				INSTALL_PATH = "$(LOCAL_LIBRARY_DIR)/Frameworks";
				LD_RUNPATH_SEARCH_PATHS = (
					"$(inherited)",
					"@executable_path/../Frameworks",
					"@loader_path/Frameworks",
				);
				MARKETING_VERSION = 1.0;
				MODULE_VERIFIER_SUPPORTED_LANGUAGES = "objective-c objective-c++";
				MODULE_VERIFIER_SUPPORTED_LANGUAGE_STANDARDS = "gnu17 gnu++20";
				PRODUCT_BUNDLE_IDENTIFIER = com.rodrigohiguera.EssentialFeed;
				PRODUCT_NAME = "$(TARGET_NAME:c99extidentifier)";
				SKIP_INSTALL = YES;
				SWIFT_EMIT_LOC_STRINGS = YES;
				SWIFT_VERSION = 5.0;
			};
			name = Release;
		};
		09660A922ACB9F860035DF25 /* Debug */ = {
			isa = XCBuildConfiguration;
			buildSettings = {
				ALWAYS_EMBED_SWIFT_STANDARD_LIBRARIES = YES;
				CODE_SIGN_STYLE = Automatic;
				CURRENT_PROJECT_VERSION = 1;
				DEVELOPMENT_TEAM = W899SL68AB;
				GENERATE_INFOPLIST_FILE = YES;
				MARKETING_VERSION = 1.0;
				PRODUCT_BUNDLE_IDENTIFIER = com.rodrigohiguera.EssentialFeedTests;
				PRODUCT_NAME = "$(TARGET_NAME)";
				SWIFT_EMIT_LOC_STRINGS = NO;
				SWIFT_VERSION = 5.0;
			};
			name = Debug;
		};
		09660A932ACB9F860035DF25 /* Release */ = {
			isa = XCBuildConfiguration;
			buildSettings = {
				ALWAYS_EMBED_SWIFT_STANDARD_LIBRARIES = YES;
				CODE_SIGN_STYLE = Automatic;
				CURRENT_PROJECT_VERSION = 1;
				DEVELOPMENT_TEAM = W899SL68AB;
				GENERATE_INFOPLIST_FILE = YES;
				MARKETING_VERSION = 1.0;
				PRODUCT_BUNDLE_IDENTIFIER = com.rodrigohiguera.EssentialFeedTests;
				PRODUCT_NAME = "$(TARGET_NAME)";
				SWIFT_EMIT_LOC_STRINGS = NO;
				SWIFT_VERSION = 5.0;
			};
			name = Release;
		};
		09C64FD92AD0A6D70057E9A3 /* Debug */ = {
			isa = XCBuildConfiguration;
			buildSettings = {
				CODE_SIGN_STYLE = Automatic;
				CURRENT_PROJECT_VERSION = 1;
				DEVELOPMENT_TEAM = W899SL68AB;
				GENERATE_INFOPLIST_FILE = YES;
				MARKETING_VERSION = 1.0;
				PRODUCT_BUNDLE_IDENTIFIER = com.rodrigohiguera.EssentialFeedAPIEndToEndTests;
				PRODUCT_NAME = "$(TARGET_NAME)";
				SWIFT_EMIT_LOC_STRINGS = NO;
				SWIFT_VERSION = 5.0;
			};
			name = Debug;
		};
		09C64FDA2AD0A6D70057E9A3 /* Release */ = {
			isa = XCBuildConfiguration;
			buildSettings = {
				CODE_SIGN_STYLE = Automatic;
				CURRENT_PROJECT_VERSION = 1;
				DEVELOPMENT_TEAM = W899SL68AB;
				GENERATE_INFOPLIST_FILE = YES;
				MARKETING_VERSION = 1.0;
				PRODUCT_BUNDLE_IDENTIFIER = com.rodrigohiguera.EssentialFeedAPIEndToEndTests;
				PRODUCT_NAME = "$(TARGET_NAME)";
				SWIFT_EMIT_LOC_STRINGS = NO;
				SWIFT_VERSION = 5.0;
			};
			name = Release;
		};
/* End XCBuildConfiguration section */

/* Begin XCConfigurationList section */
		09660A762ACB9F850035DF25 /* Build configuration list for PBXProject "EssentialFeed" */ = {
			isa = XCConfigurationList;
			buildConfigurations = (
				09660A8C2ACB9F860035DF25 /* Debug */,
				09660A8D2ACB9F860035DF25 /* Release */,
			);
			defaultConfigurationIsVisible = 0;
			defaultConfigurationName = Release;
		};
		09660A8E2ACB9F860035DF25 /* Build configuration list for PBXNativeTarget "EssentialFeed" */ = {
			isa = XCConfigurationList;
			buildConfigurations = (
				09660A8F2ACB9F860035DF25 /* Debug */,
				09660A902ACB9F860035DF25 /* Release */,
			);
			defaultConfigurationIsVisible = 0;
			defaultConfigurationName = Release;
		};
		09660A912ACB9F860035DF25 /* Build configuration list for PBXNativeTarget "EssentialFeedTests" */ = {
			isa = XCConfigurationList;
			buildConfigurations = (
				09660A922ACB9F860035DF25 /* Debug */,
				09660A932ACB9F860035DF25 /* Release */,
			);
			defaultConfigurationIsVisible = 0;
			defaultConfigurationName = Release;
		};
		09C64FD82AD0A6D70057E9A3 /* Build configuration list for PBXNativeTarget "EssentialFeedAPIEndToEndTests" */ = {
			isa = XCConfigurationList;
			buildConfigurations = (
				09C64FD92AD0A6D70057E9A3 /* Debug */,
				09C64FDA2AD0A6D70057E9A3 /* Release */,
			);
			defaultConfigurationIsVisible = 0;
			defaultConfigurationName = Release;
		};
/* End XCConfigurationList section */
	};
	rootObject = 09660A732ACB9F850035DF25 /* Project object */;
}
